{
  "name": "houdini-hud-website",
  "version": "1.0.0",
  "lockfileVersion": 2,
  "requires": true,
  "packages": {
    "": {
      "name": "houdini-hud-website",
      "version": "1.0.0",
      "dependencies": {
        "corset": "^2.0.2",
        "houdini-hud": "file:../houdini-hud"
      }
    },
    "../houdini-hud": {
      "version": "0.0.1",
      "license": "BSD-2-Clause"
    },
    "node_modules/corset": {
      "version": "2.1.0",
      "resolved": "https://registry.npmjs.org/corset/-/corset-2.1.0.tgz",
      "integrity": "sha512-dFY6tm5E8rO39zKCLnCh4tF5ZzHNeLeNiDjbAn3r8XWBUiN6PREaSTiJJRt8sLndVsOoSFUKYZy5lzckAXOE1w=="
    },
    "node_modules/houdini-hud": {
      "resolved": "../houdini-hud",
      "link": true
    }
  },
  "dependencies": {
    "corset": {
      "version": "2.1.0",
      "resolved": "https://registry.npmjs.org/corset/-/corset-2.1.0.tgz",
      "integrity": "sha512-dFY6tm5E8rO39zKCLnCh4tF5ZzHNeLeNiDjbAn3r8XWBUiN6PREaSTiJJRt8sLndVsOoSFUKYZy5lzckAXOE1w=="
    },
    "houdini-hud": {
      "version": "file:../houdini-hud"
    }
  }
}
